github.com/aws/aws-sdk-go-v2 v1.47.0 h1:0jsHallhJCeaU0Ko48c/3FK1ctOQ7NpzggxriJOQ8MQ=
github.com/aws/aws-sdk-go-v2 v1.47.0/go.mod h1:bttEH6JqnUL8LepvDVfdrds/fZ5bCIxzpe3abyUrhDU=
github.com/aws/aws-sdk-go-v2/feature/dynamodb/attributevalue v1.21.6 h1:0jlFK+yh7LYtsBRmFIM2Q84Qrr0hDFOuGWmF4Q2KjTs=
github.com/aws/aws-sdk-go-v2/feature/dynamodb/attributevalue v1.21.6/go.mod h1:2E3wsIEOAOCC5jEeql59DWar9Ff4cQ2HYKuNFMgjKG0=
github.com/aws/aws-sdk-go-v2/service/dynamodb v1.69.0 h1:JapCBy1C76JRQRw++NmoQVPdkt5PolQ9HZFEI1r9A4Y=
github.com/aws/aws-sdk-go-v2/service/dynamodb v1.69.0/go.mod h1:d7bRXj2c3K52qdd62I1c0o+ua/44QScJFj6EP0ufZeI=
github.com/aws/aws-sdk-go-v2/service/dynamodbstreams v1.42.0 h1:MrMFCPIfNSc31nxrV52pxrPU5sNmX/nNGmPcWOz9XJE=
github.com/aws/aws-sdk-go-v2/service/dynamodbstreams v1.42.0/go.mod h1:kY2lQqBRz40cHTExRGQ34ung4CN0HrQCLj7Yq+3wnxo=
github.com/aws/smithy-go v1.28.1 h1:R/nXH00c8qcfCzQVELtRw+eLQWtzv+VAIEFJ1/xxXlQ=
github.com/aws/smithy-go v1.28.1/go.mod h1:YE2RhdIuDbA5E5bTdciG9KrW3+TiEONeUWCqxX9i1Fc=
github.com/stretchr/testify v1.12.1 h1:EuwCh5fleGS7H32xRwO3wRGT7DxrDhLAT6FF8MpWDWE=
github.com/stretchr/testify v1.12.1/go.mod h1:MDEgiDPPsNp5cuIrHPPCyornHKgEVbtFUmoNlxoYthg=
go.yaml.in/yaml/v3 v3.0.5 h1:N6y/pJk8buWs9NY5ERU2HSMfm+IuD/OtfdAnq6kESPw=
go.yaml.in/yaml/v3 v3.0.5/go.mod h1:HVTZu1O7/Vkt2N+BFy8Zza+lnLsABggaTM2ZpNIGuKg=
